PODS:
  - GPUImage (0.1.7)
  - SDWebImage (4.1.0):
    - SDWebImage/Core (= 4.1.0)
  - SDWebImage/Core (4.1.0)
  - YYKit (1.0.9):
    - YYKit/no-arc (= 1.0.9)
  - YYKit/no-arc (1.0.9)

DEPENDENCIES:
  - GPUImage
  - SDWebImage
  - YYKit

SPEC CHECKSUMS:
  GPUImage: 733a5f0fab92df9de1c37ba9df520a833ccb406d
  SDWebImage: 0e435c14e402a6730315a0fb79f95e68654d55a4
  YYKit: 7cda43304a8dc3696c449041e2cb3107b4e236e7

PODFILE CHECKSUM: c1382f55e9a2023fafc0d983d6000031f890cb84

COCOAPODS: 1.2.1
